
Microsoft Visual Studio Solution File, Format Version 12.00
# Visual Studio Version 17
VisualStudioVersion = 17.3.32819.101
MinimumVisualStudioVersion = 10.0.40219.1
Project("{9A19103F-16F7-4668-BE54-9A1E7A4F7556}") = "WareHouse", "WareHouse\WareHouse.csproj", "{53088026-561F-416B-9311-656D55004ABC}"
EndProject
Project("{FAE04EC0-301F-11D3-BF4B-00C04F79EFBC}") = "Warehouse.App", "Warehouse.App\Warehouse.App.csproj", "{719E3751-8043-49DC-BBA4-B731FAC69945}"
EndProject
Project("{FAE04EC0-301F-11D3-BF4B-00C04F79EFBC}") = "Warehouse.Domain", "Warehouse.Domain\Warehouse.Domain.csproj", "{2D7EA695-A036-4A66-A2C9-512E1432EB82}"
EndProject
Global
	GlobalSection(SolutionConfigurationPlatforms) = preSolution
		Debug|Any CPU = Debug|Any CPU
		Release|Any CPU = Release|Any CPU
	EndGlobalSection
	GlobalSection(ProjectConfigurationPlatforms) = postSolution
		{53088026-561F-416B-9311-656D55004ABC}.Debug|Any CPU.ActiveCfg = Debug|Any CPU
		{53088026-561F-416B-9311-656D55004ABC}.Debug|Any CPU.Build.0 = Debug|Any CPU
		{53088026-561F-416B-9311-656D55004ABC}.Release|Any CPU.ActiveCfg = Release|Any CPU
		{53088026-561F-416B-9311-656D55004ABC}.Release|Any CPU.Build.0 = Release|Any CPU
		{719E3751-8043-49DC-BBA4-B731FAC69945}.Debug|Any CPU.ActiveCfg = Debug|Any CPU
		{719E3751-8043-49DC-BBA4-B731FAC69945}.Debug|Any CPU.Build.0 = Debug|Any CPU
		{719E3751-8043-49DC-BBA4-B731FAC69945}.Release|Any CPU.ActiveCfg = Release|Any CPU
		{719E3751-8043-49DC-BBA4-B731FAC69945}.Release|Any CPU.Build.0 = Release|Any CPU
		{2D7EA695-A036-4A66-A2C9-512E1432EB82}.Debug|Any CPU.ActiveCfg = Debug|Any CPU
		{2D7EA695-A036-4A66-A2C9-512E1432EB82}.Debug|Any CPU.Build.0 = Debug|Any CPU
		{2D7EA695-A036-4A66-A2C9-512E1432EB82}.Release|Any CPU.ActiveCfg = Release|Any CPU
		{2D7EA695-A036-4A66-A2C9-512E1432EB82}.Release|Any CPU.Build.0 = Release|Any CPU
	EndGlobalSection
	GlobalSection(SolutionProperties) = preSolution
		HideSolutionNode = FALSE
	EndGlobalSection
	GlobalSection(ExtensibilityGlobals) = postSolution
		SolutionGuid = {11B729E2-62BE-4253-90A0-1172918A2FB0}
	EndGlobalSection
EndGlobal
